<?xml version="1.0" encoding="utf-8"?>
<Project ToolsVersion="4.0" xmlns="http://schemas.microsoft.com/developer/msbuild/2003">
  <ItemGroup>
    <Filter Include="Form Files">
      <UniqueIdentifier>{99349809-55BA-4b9d-BF79-8FDBB0286EB3}</UniqueIdentifier>
      <Extensions>ui</Extensions>
      <ParseFiles>false</ParseFiles>
    </Filter>
    <Filter Include="Form Files">
      <UniqueIdentifier>{99349809-55BA-4b9d-BF79-8FDBB0286EB3}</UniqueIdentifier>
      <Extensions>ui</Extensions>
      <ParseFiles>false</ParseFiles>
    </Filter>
    <Filter Include="Generated Files">
      <UniqueIdentifier>{71ED8ED8-ACB9-4CE9-BBE1-E00B30144E11}</UniqueIdentifier>
      <Extensions>cpp;c;cxx;moc;h;def;odl;idl;res;</Extensions>
    </Filter>
    <Filter Include="Generated Files">
      <UniqueIdentifier>{71ED8ED8-ACB9-4CE9-BBE1-E00B30144E11}</UniqueIdentifier>
      <Extensions>cpp;c;cxx;moc;h;def;odl;idl;res;</Extensions>
    </Filter>
    <Filter Include="Header Files">
      <UniqueIdentifier>{93995380-89BD-4b04-88EB-625FBE52EBFB}</UniqueIdentifier>
      <Extensions>h;hpp;hxx;hm;inl;inc;xsd</Extensions>
    </Filter>
    <Filter Include="Header Files">
      <UniqueIdentifier>{93995380-89BD-4b04-88EB-625FBE52EBFB}</UniqueIdentifier>
      <Extensions>h;hpp;hxx;hm;inl;inc;xsd</Extensions>
    </Filter>
    <Filter Include="Resource Files">
      <UniqueIdentifier>{D9D6E242-F8AF-46E4-B9FD-80ECBC20BA3E}</UniqueIdentifier>
      <Extensions>qrc;*</Extensions>
      <ParseFiles>false</ParseFiles>
    </Filter>
    <Filter Include="Resource Files">
      <UniqueIdentifier>{D9D6E242-F8AF-46E4-B9FD-80ECBC20BA3E}</UniqueIdentifier>
      <Extensions>qrc;*</Extensions>
      <ParseFiles>false</ParseFiles>
    </Filter>
    <Filter Include="Source Files">
      <UniqueIdentifier>{4FC737F1-C7A5-4376-A066-2A32D752A2FF}</UniqueIdentifier>
      <Extensions>cpp;c;cxx;def;odl;idl;hpj;bat;asm;asmx</Extensions>
    </Filter>
    <Filter Include="Source Files">
      <UniqueIdentifier>{4FC737F1-C7A5-4376-A066-2A32D752A2FF}</UniqueIdentifier>
      <Extensions>cpp;c;cxx;def;odl;idl;hpj;bat;asm;asmx</Extensions>
    </Filter>
    <Filter Include="Generated Files\Debug">
      <UniqueIdentifier>{76b20c8a-11b8-4045-8dfe-18ed506e3aa9}</UniqueIdentifier>
      <Extensions>cpp;moc</Extensions>
      <SourceControlFiles>False</SourceControlFiles>
    </Filter>
    <Filter Include="Generated Files\Release">
      <UniqueIdentifier>{e7a87b82-de67-46cc-84f7-41ce138f14de}</UniqueIdentifier>
      <Extensions>cpp;moc</Extensions>
      <SourceControlFiles>False</SourceControlFiles>
    </Filter>
    <Filter Include="Header Files\UI">
      <UniqueIdentifier>{39d9dd59-d5e7-4161-bee3-6274cfa501c3}</UniqueIdentifier>
    </Filter>
    <Filter Include="Header Files\extras">
      <UniqueIdentifier>{9face1b9-97c4-4e31-8e29-6b23fb92cd2d}</UniqueIdentifier>
    </Filter>
    <Filter Include="Header Files\extras\LocalGeodesics">
      <UniqueIdentifier>{3a57d404-735a-4e0d-a2e1-21ed5134b598}</UniqueIdentifier>
    </Filter>
    <Filter Include="Header Files\HDS">
      <UniqueIdentifier>{8b0f3f5f-892e-4642-b0ab-0059dca2a737}</UniqueIdentifier>
    </Filter>
    <Filter Include="Source Files\UI">
      <UniqueIdentifier>{50ebdabb-294f-468d-99e8-80110599c7db}</UniqueIdentifier>
    </Filter>
    <Filter Include="Source Files\HDS">
      <UniqueIdentifier>{63896fe2-4e6d-4980-b345-24745dc3239f}</UniqueIdentifier>
    </Filter>
    <Filter Include="Header Files\utils">
      <UniqueIdentifier>{5e15f4b4-126d-481c-bdcd-06012f7a7408}</UniqueIdentifier>
    </Filter>
    <Filter Include="Shader Files">
      <UniqueIdentifier>{0f37bc7b-950b-40ef-aa0b-11eeb7be1c35}</UniqueIdentifier>
    </Filter>
    <Filter Include="Source Files\extra">
      <UniqueIdentifier>{5bb29481-af61-4b5c-8bfa-2cdc7bf0e675}</UniqueIdentifier>
    </Filter>
    <Filter Include="Header Files\Factory">
      <UniqueIdentifier>{7fa6d7a4-b457-4814-ada1-d04cbe6c8dc4}</UniqueIdentifier>
    </Filter>
    <Filter Include="Source Files\Factory">
      <UniqueIdentifier>{b48679cb-61a5-43b5-89fb-d130e7e9fcd1}</UniqueIdentifier>
    </Filter>
    <Filter Include="Source Files\GeomUtils">
      <UniqueIdentifier>{b05a8b3e-dd88-45de-8bde-1762db4fab41}</UniqueIdentifier>
    </Filter>
    <Filter Include="Source Files\Utils">
      <UniqueIdentifier>{406507e8-32fd-4f6c-9ddd-1572f858f836}</UniqueIdentifier>
    </Filter>
    <Filter Include="Header Files\GeomUtils">
      <UniqueIdentifier>{94b0eb3e-a6a3-490a-b245-6c5f9b8e84b4}</UniqueIdentifier>
    </Filter>
    <Filter Include="Header Files\GeomProc">
      <UniqueIdentifier>{57419b2c-ce31-4e11-8917-9a3e7fa9942b}</UniqueIdentifier>
    </Filter>
    <Filter Include="Source Files\GeomProc">
      <UniqueIdentifier>{1fdcb9a7-d899-475b-9109-d463b4f81172}</UniqueIdentifier>
    </Filter>
  </ItemGroup>
  <ItemGroup>
    <ClCompile Include="GeneratedFiles\Debug\moc_colormapeditor.cpp">
      <Filter>Generated Files\Debug</Filter>
    </ClCompile>
    <ClCompile Include="GeneratedFiles\Release\moc_colormapeditor.cpp">
      <Filter>Generated Files\Release</Filter>
    </ClCompile>
    <ClCompile Include="GeneratedFiles\qrc_resources.cpp">
      <Filter>Generated Files\Debug</Filter>
    </ClCompile>
    <ClCompile Include="..\extras\colormap_editor\colormapeditor.cpp">
      <Filter>Source Files\extra</Filter>
    </ClCompile>
    <ClCompile Include="..\src\main.cpp">
      <Filter>Source Files</Filter>
    </ClCompile>
    <ClCompile Include="..\src\mainwindow.cpp">
      <Filter>Source Files</Filter>
    </ClCompile>
    <ClCompile Include="GeneratedFiles\Debug\moc_bridgerpanel.cpp">
      <Filter>Generated Files\Debug</Filter>
    </ClCompile>
    <ClCompile Include="GeneratedFiles\Release\moc_bridgerpanel.cpp">
      <Filter>Generated Files\Release</Filter>
    </ClCompile>
    <ClCompile Include="GeneratedFiles\Debug\moc_bridgerpanelviewer.cpp">
      <Filter>Generated Files\Debug</Filter>
    </ClCompile>
    <ClCompile Include="GeneratedFiles\Release\moc_bridgerpanelviewer.cpp">
      <Filter>Generated Files\Release</Filter>
    </ClCompile>
    <ClCompile Include="GeneratedFiles\Debug\moc_ConnectorPanel.cpp">
      <Filter>Generated Files\Debug</Filter>
    </ClCompile>
    <ClCompile Include="GeneratedFiles\Release\moc_ConnectorPanel.cpp">
      <Filter>Generated Files\Release</Filter>
    </ClCompile>
    <ClCompile Include="GeneratedFiles\Debug\moc_criticalpointspanel.cpp">
      <Filter>Generated Files\Debug</Filter>
    </ClCompile>
    <ClCompile Include="GeneratedFiles\Release\moc_criticalpointspanel.cpp">
      <Filter>Generated Files\Release</Filter>
    </ClCompile>
    <ClCompile Include="GeneratedFiles\Debug\moc_cutlocuspanel.cpp">
      <Filter>Generated Files\Debug</Filter>
    </ClCompile>
    <ClCompile Include="GeneratedFiles\Release\moc_cutlocuspanel.cpp">
      <Filter>Generated Files\Release</Filter>
    </ClCompile>
    <ClCompile Include="GeneratedFiles\Debug\moc_GESPanel.cpp">
      <Filter>Generated Files\Debug</Filter>
    </ClCompile>
    <ClCompile Include="GeneratedFiles\Release\moc_GESPanel.cpp">
      <Filter>Generated Files\Release</Filter>
    </ClCompile>
    <ClCompile Include="GeneratedFiles\Debug\moc_MeshViewer.cpp">
      <Filter>Generated Files\Debug</Filter>
    </ClCompile>
    <ClCompile Include="GeneratedFiles\Release\moc_MeshViewer.cpp">
      <Filter>Generated Files\Release</Filter>
    </ClCompile>
    <ClCompile Include="GeneratedFiles\Debug\moc_QuadEdgePanel.cpp">
      <Filter>Generated Files\Debug</Filter>
    </ClCompile>
    <ClCompile Include="GeneratedFiles\Release\moc_QuadEdgePanel.cpp">
      <Filter>Generated Files\Release</Filter>
    </ClCompile>
    <ClCompile Include="GeneratedFiles\Debug\moc_rimfacepanel.cpp">
      <Filter>Generated Files\Debug</Filter>
    </ClCompile>
    <ClCompile Include="GeneratedFiles\Release\moc_rimfacepanel.cpp">
      <Filter>Generated Files\Release</Filter>
    </ClCompile>
    <ClCompile Include="GeneratedFiles\Debug\moc_WeavePanel.cpp">
      <Filter>Generated Files\Debug</Filter>
    </ClCompile>
    <ClCompile Include="GeneratedFiles\Release\moc_WeavePanel.cpp">
      <Filter>Generated Files\Release</Filter>
    </ClCompile>
    <ClCompile Include="..\src\UI\Camera.cpp">
      <Filter>Source Files\UI</Filter>
    </ClCompile>
    <ClCompile Include="..\src\UI\bridgerpanelviewer.cpp">
      <Filter>Source Files\UI</Filter>
    </ClCompile>
    <ClCompile Include="..\src\UI\bridgerpanel.cpp">
      <Filter>Source Files\UI</Filter>
    </ClCompile>
    <ClCompile Include="..\src\UI\colormap.cpp">
      <Filter>Source Files\UI</Filter>
    </ClCompile>
    <ClCompile Include="..\src\UI\ConnectorPanel.cpp">
      <Filter>Source Files\UI</Filter>
    </ClCompile>
    <ClCompile Include="..\src\UI\criticalpointspanel.cpp">
      <Filter>Source Files\UI</Filter>
    </ClCompile>
    <ClCompile Include="..\src\UI\GESPanel.cpp">
      <Filter>Source Files\UI</Filter>
    </ClCompile>
    <ClCompile Include="..\src\UI\MeshViewer.cpp">
      <Filter>Source Files\UI</Filter>
    </ClCompile>
    <ClCompile Include="..\src\UI\QuadEdgePanel.cpp">
      <Filter>Source Files\UI</Filter>
    </ClCompile>
    <ClCompile Include="..\src\UI\rimfacepanel.cpp">
      <Filter>Source Files\UI</Filter>
    </ClCompile>
    <ClCompile Include="..\src\UI\ViewerGrid.cpp">
      <Filter>Source Files\UI</Filter>
    </ClCompile>
    <ClCompile Include="..\src\UI\ViewerRuler.cpp">
      <Filter>Source Files\UI</Filter>
    </ClCompile>
    <ClCompile Include="..\src\UI\WeavePanel.cpp">
      <Filter>Source Files\UI</Filter>
    </ClCompile>
    <ClCompile Include="..\src\HDS\hds_common.cpp">
      <Filter>Source Files\HDS</Filter>
    </ClCompile>
    <ClCompile Include="..\src\HDS\hds_face.cpp">
      <Filter>Source Files\HDS</Filter>
    </ClCompile>
    <ClCompile Include="..\src\HDS\hds_halfedge.cpp">
      <Filter>Source Files\HDS</Filter>
    </ClCompile>
    <ClCompile Include="..\src\HDS\hds_mesh.cpp">
      <Filter>Source Files\HDS</Filter>
    </ClCompile>
    <ClCompile Include="..\src\HDS\hds_vertex.cpp">
      <Filter>Source Files\HDS</Filter>
    </ClCompile>
    <ClCompile Include="..\extras\SVG_LC_code\SVG_precompute\LocalGeodesics\svg_precompute.cpp">
      <Filter>Source Files\extra</Filter>
    </ClCompile>
    <ClCompile Include="..\extras\SVG_LC_code\SVG_precompute\LocalGeodesics\ICHWithFurtherPriorityQueue.cpp">
      <Filter>Source Files\extra</Filter>
    </ClCompile>
    <ClCompile Include="..\extras\SVG_LC_code\SVG_precompute\LocalGeodesics\ImprovedCHWithEdgeValve.cpp">
      <Filter>Source Files\extra</Filter>
    </ClCompile>
    <ClCompile Include="..\extras\SVG_LC_code\SVG_precompute\LocalGeodesics\ExactMethodForDGP.cpp">
      <Filter>Source Files\extra</Filter>
    </ClCompile>
    <ClCompile Include="..\extras\SVG_LC_code\SVG_precompute\LocalGeodesics\PreviousCH.cpp">
      <Filter>Source Files\extra</Filter>
    </ClCompile>
    <ClCompile Include="..\extras\SVG_LC_code\SVG_precompute\LocalGeodesics\RichModel.cpp">
      <Filter>Source Files\extra</Filter>
    </ClCompile>
    <ClCompile Include="..\extras\SVG_LC_code\SVG_precompute\LocalGeodesics\stdafx.cpp">
      <Filter>Source Files\extra</Filter>
    </ClCompile>
    <ClCompile Include="..\src\Utils\stringutils.cpp">
      <Filter>Source Files\Utils</Filter>
    </ClCompile>
    <ClCompile Include="..\src\Utils\unionfind.cpp">
      <Filter>Source Files\Utils</Filter>
    </ClCompile>
    <ClCompile Include="..\src\MeshFactory\meshcutter.cpp">
      <Filter>Source Files\Factory</Filter>
    </ClCompile>
    <ClCompile Include="..\src\MeshFactory\MeshDFormer.cpp">
      <Filter>Source Files\Factory</Filter>
    </ClCompile>
    <ClCompile Include="..\src\MeshFactory\MeshExtender.cpp">
      <Filter>Source Files\Factory</Filter>
    </ClCompile>
    <ClCompile Include="..\src\MeshFactory\MeshFactory.cpp">
      <Filter>Source Files\Factory</Filter>
    </ClCompile>
    <ClCompile Include="..\src\MeshFactory\meshhollower.cpp">
      <Filter>Source Files\Factory</Filter>
    </ClCompile>
    <ClCompile Include="..\src\MeshFactory\meshrimface.cpp">
      <Filter>Source Files\Factory</Filter>
    </ClCompile>
    <ClCompile Include="..\src\MeshFactory\MeshWeaver.cpp">
      <Filter>Source Files\Factory</Filter>
    </ClCompile>
    <ClCompile Include="..\src\UI\cutlocuspanel.cpp">
      <Filter>Source Files\UI</Filter>
    </ClCompile>
    <ClCompile Include="GeneratedFiles\Debug\moc_mainwindow.cpp">
      <Filter>Generated Files\Debug</Filter>
    </ClCompile>
    <ClCompile Include="GeneratedFiles\Release\moc_mainwindow.cpp">
      <Filter>Generated Files\Release</Filter>
    </ClCompile>
    <ClCompile Include="..\extras\SVG_LC_code\SVG_precompute\LocalGeodesics\BaseModel.cpp">
      <Filter>Source Files\extra</Filter>
    </ClCompile>
    <ClCompile Include="..\extras\SVG_LC_code\SVG_precompute\LocalGeodesics\Point3D.cpp">
      <Filter>Source Files\extra</Filter>
    </ClCompile>
    <ClCompile Include="..\src\GeomUtils\BBox.cpp">
      <Filter>Source Files\GeomUtils</Filter>
    </ClCompile>
    <ClCompile Include="..\src\GeomUtils\discretegeocomputer.cpp">
      <Filter>Source Files\GeomUtils</Filter>
    </ClCompile>
    <ClCompile Include="..\src\GeomUtils\GeodesicComputer.cpp">
      <Filter>Source Files\GeomUtils</Filter>
    </ClCompile>
    <ClCompile Include="..\src\GeomUtils\hds_bridger.cpp">
      <Filter>Source Files\GeomUtils</Filter>
    </ClCompile>
    <ClCompile Include="..\src\GeomUtils\morsesmalecomplex.cpp">
      <Filter>Source Files\GeomUtils</Filter>
    </ClCompile>
    <ClCompile Include="..\src\GeomUtils\OperationStack.cpp">
      <Filter>Source Files\GeomUtils</Filter>
    </ClCompile>
    <ClCompile Include="..\src\GeomUtils\reebgraph.cpp">
      <Filter>Source Files\GeomUtils</Filter>
    </ClCompile>
    <ClCompile Include="..\src\GeomProc\meshunfolder.cpp">
      <Filter>Source Files\GeomProc</Filter>
    </ClCompile>
    <ClCompile Include="..\src\GeomProc\MeshConnector.cpp">
      <Filter>Source Files\GeomProc</Filter>
    </ClCompile>
    <ClCompile Include="..\src\GeomProc\MeshIterator.cpp">
      <Filter>Source Files\GeomProc</Filter>
    </ClCompile>
    <ClCompile Include="..\src\GeomProc\meshloader.cpp">
      <Filter>Source Files\GeomProc</Filter>
    </ClCompile>
    <ClCompile Include="..\src\GeomProc\meshmanager.cpp">
      <Filter>Source Files\GeomProc</Filter>
    </ClCompile>
    <ClCompile Include="..\src\GeomProc\meshsmoother.cpp">
      <Filter>Source Files\GeomProc</Filter>
    </ClCompile>
  </ItemGroup>
  <ItemGroup>
    <ClInclude Include="..\extras\SVG_LC_code\SVG_precompute\LocalGeodesics\BaseModel.h">
      <Filter>Header Files\extras\LocalGeodesics</Filter>
    </ClInclude>
    <ClInclude Include="..\extras\SVG_LC_code\SVG_precompute\LocalGeodesics\ExactMethodForDGP.h">
      <Filter>Header Files\extras\LocalGeodesics</Filter>
    </ClInclude>
    <ClInclude Include="..\extras\SVG_LC_code\SVG_precompute\LocalGeodesics\ICHWithFurtherPriorityQueue.h">
      <Filter>Header Files\extras\LocalGeodesics</Filter>
    </ClInclude>
    <ClInclude Include="..\extras\SVG_LC_code\SVG_precompute\LocalGeodesics\ImprovedCHWithEdgeValve.h">
      <Filter>Header Files\extras\LocalGeodesics</Filter>
    </ClInclude>
    <ClInclude Include="..\extras\SVG_LC_code\SVG_precompute\LocalGeodesics\Point3D.h">
      <Filter>Header Files\extras\LocalGeodesics</Filter>
    </ClInclude>
    <ClInclude Include="..\extras\SVG_LC_code\SVG_precompute\LocalGeodesics\PreviousCH.h">
      <Filter>Header Files\extras\LocalGeodesics</Filter>
    </ClInclude>
    <ClInclude Include="..\extras\SVG_LC_code\SVG_precompute\LocalGeodesics\RichModel.h">
      <Filter>Header Files\extras\LocalGeodesics</Filter>
    </ClInclude>
    <ClInclude Include="..\extras\SVG_LC_code\SVG_precompute\LocalGeodesics\stdafx.h">
      <Filter>Header Files\extras\LocalGeodesics</Filter>
    </ClInclude>
    <ClInclude Include="..\extras\SVG_LC_code\SVG_precompute\LocalGeodesics\svg_precompute.h">
      <Filter>Header Files\extras\LocalGeodesics</Filter>
    </ClInclude>
    <ClInclude Include="..\extras\SVG_LC_code\SVG_precompute\LocalGeodesics\targetver.h">
      <Filter>Header Files\extras\LocalGeodesics</Filter>
    </ClInclude>
    <ClInclude Include="..\extras\SVG_LC_code\SVG_precompute\LocalGeodesics\wxnTime.h">
      <Filter>Header Files\extras\LocalGeodesics</Filter>
    </ClInclude>
    <ClInclude Include="GeneratedFiles\ui_bridgerpanel.h">
      <Filter>Generated Files</Filter>
    </ClInclude>
    <ClInclude Include="GeneratedFiles\ui_ConnectorPanel.h">
      <Filter>Generated Files</Filter>
    </ClInclude>
    <ClInclude Include="GeneratedFiles\ui_criticalpointspanel.h">
      <Filter>Generated Files</Filter>
    </ClInclude>
    <ClInclude Include="GeneratedFiles\ui_cutlocuspanel.h">
      <Filter>Generated Files</Filter>
    </ClInclude>
    <ClInclude Include="GeneratedFiles\ui_GESPanel.h">
      <Filter>Generated Files</Filter>
    </ClInclude>
    <ClInclude Include="GeneratedFiles\ui_mainwindow.h">
      <Filter>Generated Files</Filter>
    </ClInclude>
    <ClInclude Include="GeneratedFiles\ui_QuadEdgePanel.h">
      <Filter>Generated Files</Filter>
    </ClInclude>
    <ClInclude Include="GeneratedFiles\ui_rimfacepanel.h">
      <Filter>Generated Files</Filter>
    </ClInclude>
    <ClInclude Include="GeneratedFiles\ui_unfoldviewer.h">
      <Filter>Generated Files</Filter>
    </ClInclude>
    <ClInclude Include="GeneratedFiles\ui_WeavePanel.h">
      <Filter>Generated Files</Filter>
    </ClInclude>
    <ClInclude Include="GeneratedFiles\ui_colormapeditor.h">
      <Filter>Generated Files</Filter>
    </ClInclude>
    <ClInclude Include="..\src\UI\Camera.h">
      <Filter>Header Files\UI</Filter>
    </ClInclude>
    <ClInclude Include="..\src\UI\colormap.h">
      <Filter>Header Files\UI</Filter>
    </ClInclude>
    <ClInclude Include="..\src\UI\ViewerGrid.h">
      <Filter>Header Files\UI</Filter>
    </ClInclude>
    <ClInclude Include="..\src\UI\ViewerRuler.h">
      <Filter>Header Files\UI</Filter>
    </ClInclude>
    <ClInclude Include="..\src\HDS\hds_common.h">
      <Filter>Header Files\HDS</Filter>
    </ClInclude>
    <ClInclude Include="..\src\HDS\hds_face.h">
      <Filter>Header Files\HDS</Filter>
    </ClInclude>
    <ClInclude Include="..\src\HDS\hds_halfedge.h">
      <Filter>Header Files\HDS</Filter>
    </ClInclude>
    <ClInclude Include="..\src\HDS\hds_mesh.h">
      <Filter>Header Files\HDS</Filter>
    </ClInclude>
    <ClInclude Include="..\src\HDS\hds_vertex.h">
      <Filter>Header Files\HDS</Filter>
    </ClInclude>
    <ClInclude Include="..\src\Utils\common.h">
      <Filter>Header Files\utils</Filter>
    </ClInclude>
    <ClInclude Include="..\src\Utils\stringutils.h">
      <Filter>Header Files\utils</Filter>
    </ClInclude>
    <ClInclude Include="..\src\Utils\UnfoldingAppException.h">
      <Filter>Header Files\utils</Filter>
    </ClInclude>
    <ClInclude Include="..\src\Utils\unionfind.h">
      <Filter>Header Files\utils</Filter>
    </ClInclude>
    <ClInclude Include="..\src\Utils\mathutils.h">
      <Filter>Header Files\utils</Filter>
    </ClInclude>
    <ClInclude Include="..\src\Utils\utils.h">
      <Filter>Header Files\utils</Filter>
    </ClInclude>
    <ClInclude Include="..\src\UI\glutils.h">
      <Filter>Header Files\UI</Filter>
    </ClInclude>
    <ClInclude Include="..\src\MeshFactory\meshcutter.h">
      <Filter>Header Files\Factory</Filter>
    </ClInclude>
    <ClInclude Include="..\src\MeshFactory\MeshDFormer.h">
      <Filter>Header Files\Factory</Filter>
    </ClInclude>
    <ClInclude Include="..\src\MeshFactory\MeshExtender.h">
      <Filter>Header Files\Factory</Filter>
    </ClInclude>
    <ClInclude Include="..\src\MeshFactory\MeshFactory.h">
      <Filter>Header Files\Factory</Filter>
    </ClInclude>
    <ClInclude Include="..\src\MeshFactory\meshhollower.h">
      <Filter>Header Files\Factory</Filter>
    </ClInclude>
    <ClInclude Include="..\src\MeshFactory\meshrimface.h">
      <Filter>Header Files\Factory</Filter>
    </ClInclude>
    <ClInclude Include="..\src\MeshFactory\MeshWeaver.h">
      <Filter>Header Files\Factory</Filter>
    </ClInclude>
    <ClInclude Include="..\src\GeomUtils\BBox.h">
      <Filter>Header Files\GeomUtils</Filter>
    </ClInclude>
    <ClInclude Include="..\src\GeomUtils\discretegeocomputer.h">
      <Filter>Header Files\GeomUtils</Filter>
    </ClInclude>
    <ClInclude Include="..\src\GeomUtils\GeodesicComputer.h">
      <Filter>Header Files\GeomUtils</Filter>
    </ClInclude>
    <ClInclude Include="..\src\GeomUtils\Graph.h">
      <Filter>Header Files\GeomUtils</Filter>
    </ClInclude>
    <ClInclude Include="..\src\GeomUtils\hds_bridger.h">
      <Filter>Header Files\GeomUtils</Filter>
    </ClInclude>
    <ClInclude Include="..\src\GeomUtils\morsesmalecomplex.h">
      <Filter>Header Files\GeomUtils</Filter>
    </ClInclude>
    <ClInclude Include="..\src\GeomUtils\OperationStack.h">
      <Filter>Header Files\GeomUtils</Filter>
    </ClInclude>
    <ClInclude Include="..\src\GeomUtils\reebgraph.h">
      <Filter>Header Files\GeomUtils</Filter>
    </ClInclude>
    <ClInclude Include="..\src\GeomProc\MeshIterator.h">
      <Filter>Header Files\GeomProc</Filter>
    </ClInclude>
    <ClInclude Include="..\src\GeomProc\meshloader.h">
      <Filter>Header Files\GeomProc</Filter>
    </ClInclude>
    <ClInclude Include="..\src\GeomProc\meshmanager.h">
      <Filter>Header Files\GeomProc</Filter>
    </ClInclude>
    <ClInclude Include="..\src\GeomProc\meshsmoother.h">
      <Filter>Header Files\GeomProc</Filter>
    </ClInclude>
    <ClInclude Include="..\src\GeomProc\meshunfolder.h">
      <Filter>Header Files\GeomProc</Filter>
    </ClInclude>
    <ClInclude Include="..\src\GeomProc\MeshConnector.h">
      <Filter>Header Files\GeomProc</Filter>
    </ClInclude>
  </ItemGroup>
  <ItemGroup>
    <CustomBuild Include="..\forms\bridgerpanel.ui">
      <Filter>Form Files</Filter>
    </CustomBuild>
    <CustomBuild Include="..\forms\ConnectorPanel.ui">
      <Filter>Form Files</Filter>
    </CustomBuild>
    <CustomBuild Include="..\forms\criticalpointspanel.ui">
      <Filter>Form Files</Filter>
    </CustomBuild>
    <CustomBuild Include="..\forms\cutlocuspanel.ui">
      <Filter>Form Files</Filter>
    </CustomBuild>
    <CustomBuild Include="..\forms\GESPanel.ui">
      <Filter>Form Files</Filter>
    </CustomBuild>
    <CustomBuild Include="..\forms\mainwindow.ui">
      <Filter>Form Files</Filter>
    </CustomBuild>
    <CustomBuild Include="..\forms\QuadEdgePanel.ui">
      <Filter>Form Files</Filter>
    </CustomBuild>
    <CustomBuild Include="..\forms\rimfacepanel.ui">
      <Filter>Form Files</Filter>
    </CustomBuild>
    <CustomBuild Include="..\forms\unfoldviewer.ui">
      <Filter>Form Files</Filter>
    </CustomBuild>
    <CustomBuild Include="..\forms\WeavePanel.ui">
      <Filter>Form Files</Filter>
    </CustomBuild>
    <CustomBuild Include="..\extras\colormap_editor\colormapeditor.ui">
      <Filter>Form Files</Filter>
    </CustomBuild>
    <CustomBuild Include="..\extras\colormap_editor\colormapeditor.h">
      <Filter>Header Files\extras</Filter>
    </CustomBuild>
    <CustomBuild Include="..\src\UI\bridgerpanel.h">
      <Filter>Header Files\UI</Filter>
    </CustomBuild>
    <CustomBuild Include="..\src\UI\bridgerpanelviewer.h">
      <Filter>Header Files\UI</Filter>
    </CustomBuild>
    <CustomBuild Include="..\src\UI\ConnectorPanel.h">
      <Filter>Header Files\UI</Filter>
    </CustomBuild>
    <CustomBuild Include="..\src\UI\criticalpointspanel.h">
      <Filter>Header Files\UI</Filter>
    </CustomBuild>
    <CustomBuild Include="..\src\UI\cutlocuspanel.h">
      <Filter>Header Files\UI</Filter>
    </CustomBuild>
    <CustomBuild Include="..\src\UI\GESPanel.h">
      <Filter>Header Files\UI</Filter>
    </CustomBuild>
    <CustomBuild Include="..\src\UI\MeshViewer.h">
      <Filter>Header Files\UI</Filter>
    </CustomBuild>
    <CustomBuild Include="..\src\UI\QuadEdgePanel.h">
      <Filter>Header Files\UI</Filter>
    </CustomBuild>
    <CustomBuild Include="..\src\UI\rimfacepanel.h">
      <Filter>Header Files\UI</Filter>
    </CustomBuild>
    <CustomBuild Include="..\src\UI\WeavePanel.h">
      <Filter>Header Files\UI</Filter>
    </CustomBuild>
    <CustomBuild Include="..\src\mainwindow.h">
      <Filter>Header Files</Filter>
    </CustomBuild>
  </ItemGroup>
  <ItemGroup>
    <CustomBuild Include="..\resources.qrc">
      <Filter>Resource Files</Filter>
    </CustomBuild>
    <None Include="..\shaders\edge_fs.glsl">
      <Filter>Shader Files</Filter>
    </None>
    <None Include="..\shaders\edge_vs.glsl">
      <Filter>Shader Files</Filter>
    </None>
    <None Include="..\shaders\face_fs.glsl">
      <Filter>Shader Files</Filter>
    </None>
    <None Include="..\shaders\face_gs.glsl">
      <Filter>Shader Files</Filter>
    </None>
    <None Include="..\shaders\face_vs.glsl">
      <Filter>Shader Files</Filter>
    </None>
    <None Include="..\shaders\uid_fs.glsl">
      <Filter>Shader Files</Filter>
    </None>
    <None Include="..\shaders\uid_vs.glsl">
      <Filter>Shader Files</Filter>
    </None>
    <None Include="..\shaders\edge_gs.glsl">
      <Filter>Shader Files</Filter>
    </None>
    <None Include="..\shaders\vtx_fs.glsl">
      <Filter>Shader Files</Filter>
    </None>
    <None Include="..\shaders\vtx_vs.glsl">
      <Filter>Shader Files</Filter>
    </None>
  </ItemGroup>
  <ItemGroup>
    <ResourceCompile Include="..\icons\_Unfolding.rc">
      <Filter>Resource Files</Filter>
    </ResourceCompile>
  </ItemGroup>
</Project>