<?xml version="1.0" encoding="utf-8"?>
<Project ToolsVersion="4.0" xmlns="http://schemas.microsoft.com/developer/msbuild/2003">
  <ItemGroup>
    <Filter Include="Form Files">
      <UniqueIdentifier>{99349809-55BA-4b9d-BF79-8FDBB0286EB3}</UniqueIdentifier>
      <Extensions>ui</Extensions>
      <ParseFiles>false</ParseFiles>
    </Filter>
    <Filter Include="Form Files">
      <UniqueIdentifier>{99349809-55BA-4b9d-BF79-8FDBB0286EB3}</UniqueIdentifier>
      <Extensions>ui</Extensions>
      <ParseFiles>false</ParseFiles>
    </Filter>
    <Filter Include="Generated Files">
      <UniqueIdentifier>{71ED8ED8-ACB9-4CE9-BBE1-E00B30144E11}</UniqueIdentifier>
      <Extensions>cpp;c;cxx;moc;h;def;odl;idl;res;</Extensions>
    </Filter>
    <Filter Include="Generated Files">
      <UniqueIdentifier>{71ED8ED8-ACB9-4CE9-BBE1-E00B30144E11}</UniqueIdentifier>
      <Extensions>cpp;c;cxx;moc;h;def;odl;idl;res;</Extensions>
    </Filter>
    <Filter Include="Header Files">
      <UniqueIdentifier>{93995380-89BD-4b04-88EB-625FBE52EBFB}</UniqueIdentifier>
      <Extensions>h;hpp;hxx;hm;inl;inc;xsd</Extensions>
    </Filter>
    <Filter Include="Header Files">
      <UniqueIdentifier>{93995380-89BD-4b04-88EB-625FBE52EBFB}</UniqueIdentifier>
      <Extensions>h;hpp;hxx;hm;inl;inc;xsd</Extensions>
    </Filter>
    <Filter Include="Resource Files">
      <UniqueIdentifier>{D9D6E242-F8AF-46E4-B9FD-80ECBC20BA3E}</UniqueIdentifier>
      <Extensions>qrc;*</Extensions>
      <ParseFiles>false</ParseFiles>
    </Filter>
    <Filter Include="Resource Files">
      <UniqueIdentifier>{D9D6E242-F8AF-46E4-B9FD-80ECBC20BA3E}</UniqueIdentifier>
      <Extensions>qrc;*</Extensions>
      <ParseFiles>false</ParseFiles>
    </Filter>
    <Filter Include="Source Files">
      <UniqueIdentifier>{4FC737F1-C7A5-4376-A066-2A32D752A2FF}</UniqueIdentifier>
      <Extensions>cpp;c;cxx;def;odl;idl;hpj;bat;asm;asmx</Extensions>
    </Filter>
    <Filter Include="Source Files">
      <UniqueIdentifier>{4FC737F1-C7A5-4376-A066-2A32D752A2FF}</UniqueIdentifier>
      <Extensions>cpp;c;cxx;def;odl;idl;hpj;bat;asm;asmx</Extensions>
    </Filter>
    <Filter Include="Generated Files\Debug">
      <UniqueIdentifier>{76b20c8a-11b8-4045-8dfe-18ed506e3aa9}</UniqueIdentifier>
      <Extensions>cpp;moc</Extensions>
      <SourceControlFiles>False</SourceControlFiles>
    </Filter>
    <Filter Include="Generated Files\Release">
      <UniqueIdentifier>{e7a87b82-de67-46cc-84f7-41ce138f14de}</UniqueIdentifier>
      <Extensions>cpp;moc</Extensions>
      <SourceControlFiles>False</SourceControlFiles>
    </Filter>
    <Filter Include="Header Files\UI">
      <UniqueIdentifier>{39d9dd59-d5e7-4161-bee3-6274cfa501c3}</UniqueIdentifier>
    </Filter>
    <Filter Include="Header Files\extras">
      <UniqueIdentifier>{9face1b9-97c4-4e31-8e29-6b23fb92cd2d}</UniqueIdentifier>
    </Filter>
    <Filter Include="Header Files\extras\LocalGeodesics">
      <UniqueIdentifier>{3a57d404-735a-4e0d-a2e1-21ed5134b598}</UniqueIdentifier>
    </Filter>
    <Filter Include="Header Files\HDS">
      <UniqueIdentifier>{8b0f3f5f-892e-4642-b0ab-0059dca2a737}</UniqueIdentifier>
    </Filter>
    <Filter Include="Source Files\UI">
      <UniqueIdentifier>{50ebdabb-294f-468d-99e8-80110599c7db}</UniqueIdentifier>
    </Filter>
    <Filter Include="Source Files\HDS">
      <UniqueIdentifier>{63896fe2-4e6d-4980-b345-24745dc3239f}</UniqueIdentifier>
    </Filter>
    <Filter Include="Header Files\utils">
      <UniqueIdentifier>{5e15f4b4-126d-481c-bdcd-06012f7a7408}</UniqueIdentifier>
    </Filter>
    <Filter Include="Source Files\utils">
      <UniqueIdentifier>{406507e8-32fd-4f6c-9ddd-1572f858f836}</UniqueIdentifier>
    </Filter>
    <Filter Include="Source Files\geometry">
      <UniqueIdentifier>{1fdcb9a7-d899-475b-9109-d463b4f81172}</UniqueIdentifier>
    </Filter>
    <Filter Include="Header Files\geometry">
      <UniqueIdentifier>{57419b2c-ce31-4e11-8917-9a3e7fa9942b}</UniqueIdentifier>
    </Filter>
    <Filter Include="Shader Files">
      <UniqueIdentifier>{0f37bc7b-950b-40ef-aa0b-11eeb7be1c35}</UniqueIdentifier>
    </Filter>
  </ItemGroup>
  <ItemGroup>
    <ClCompile Include="..\extras\SVG_LC_code\SVG_precompute\LocalGeodesics\ExactMethodForDGP.cpp">
      <Filter>Source Files</Filter>
    </ClCompile>
    <ClCompile Include="..\extras\SVG_LC_code\SVG_precompute\LocalGeodesics\ICHWithFurtherPriorityQueue.cpp">
      <Filter>Source Files</Filter>
    </ClCompile>
    <ClCompile Include="..\extras\SVG_LC_code\SVG_precompute\LocalGeodesics\ImprovedCHWithEdgeValve.cpp">
      <Filter>Source Files</Filter>
    </ClCompile>
    <ClCompile Include="..\extras\SVG_LC_code\SVG_precompute\LocalGeodesics\PreviousCH.cpp">
      <Filter>Source Files</Filter>
    </ClCompile>
    <ClCompile Include="..\extras\SVG_LC_code\SVG_precompute\LocalGeodesics\RichModel.cpp">
      <Filter>Source Files</Filter>
    </ClCompile>
    <ClCompile Include="..\src\colormap.cpp">
      <Filter>Source Files</Filter>
    </ClCompile>
    <ClCompile Include="..\extras\colormap_editor\colormapeditor.cpp">
      <Filter>Source Files</Filter>
    </ClCompile>
    <ClCompile Include="..\src\morsesmalecomplex.cpp">
      <Filter>Source Files</Filter>
    </ClCompile>
    <ClCompile Include="..\extras\SVG_LC_code\SVG_precompute\LocalGeodesics\stdafx.cpp">
      <Filter>Source Files</Filter>
    </ClCompile>
    <ClCompile Include="..\extras\SVG_LC_code\SVG_precompute\LocalGeodesics\svg_precompute.cpp">
      <Filter>Source Files</Filter>
    </ClCompile>
    <ClCompile Include="GeneratedFiles\Debug\moc_mainwindow.cpp">
      <Filter>Generated Files\Debug</Filter>
    </ClCompile>
    <ClCompile Include="GeneratedFiles\Release\moc_mainwindow.cpp">
      <Filter>Generated Files\Release</Filter>
    </ClCompile>
    <ClCompile Include="GeneratedFiles\Debug\moc_cutlocuspanel.cpp">
      <Filter>Generated Files\Debug</Filter>
    </ClCompile>
    <ClCompile Include="GeneratedFiles\Release\moc_cutlocuspanel.cpp">
      <Filter>Generated Files\Release</Filter>
    </ClCompile>
    <ClCompile Include="GeneratedFiles\Debug\moc_criticalpointspanel.cpp">
      <Filter>Generated Files\Debug</Filter>
    </ClCompile>
    <ClCompile Include="GeneratedFiles\Release\moc_criticalpointspanel.cpp">
      <Filter>Generated Files\Release</Filter>
    </ClCompile>
    <ClCompile Include="GeneratedFiles\Debug\moc_colormapeditor.cpp">
      <Filter>Generated Files\Debug</Filter>
    </ClCompile>
    <ClCompile Include="GeneratedFiles\Release\moc_colormapeditor.cpp">
      <Filter>Generated Files\Release</Filter>
    </ClCompile>
    <ClCompile Include="..\src\meshcutter.cpp">
      <Filter>Source Files\geometry</Filter>
    </ClCompile>
    <ClCompile Include="..\src\MeshExtender.cpp">
      <Filter>Source Files\geometry</Filter>
    </ClCompile>
    <ClCompile Include="..\src\meshloader.cpp">
      <Filter>Source Files\geometry</Filter>
    </ClCompile>
    <ClCompile Include="..\src\meshmanager.cpp">
      <Filter>Source Files\geometry</Filter>
    </ClCompile>
    <ClCompile Include="..\src\meshsmoother.cpp">
      <Filter>Source Files\geometry</Filter>
    </ClCompile>
    <ClCompile Include="..\src\meshunfolder.cpp">
      <Filter>Source Files\geometry</Filter>
    </ClCompile>
    <ClCompile Include="..\src\main.cpp">
      <Filter>Source Files\UI</Filter>
    </ClCompile>
    <ClCompile Include="..\src\mainwindow.cpp">
      <Filter>Source Files\UI</Filter>
    </ClCompile>
    <ClCompile Include="..\src\hds_face.cpp">
      <Filter>Source Files\HDS</Filter>
    </ClCompile>
    <ClCompile Include="..\src\hds_halfedge.cpp">
      <Filter>Source Files\HDS</Filter>
    </ClCompile>
    <ClCompile Include="..\src\hds_mesh.cpp">
      <Filter>Source Files\HDS</Filter>
    </ClCompile>
    <ClCompile Include="..\src\hds_vertex.cpp">
      <Filter>Source Files\HDS</Filter>
    </ClCompile>
    <ClCompile Include="..\src\stringutils.cpp">
      <Filter>Source Files\utils</Filter>
    </ClCompile>
    <ClCompile Include="..\src\unionfind.cpp">
      <Filter>Source Files\utils</Filter>
    </ClCompile>
    <ClCompile Include="..\src\GeodesicComputer.cpp">
      <Filter>Source Files\geometry</Filter>
    </ClCompile>
    <ClCompile Include="..\extras\SVG_LC_code\SVG_precompute\LocalGeodesics\BaseModel.cpp">
      <Filter>Source Files\geometry</Filter>
    </ClCompile>
    <ClCompile Include="..\extras\SVG_LC_code\SVG_precompute\LocalGeodesics\Point3D.cpp">
      <Filter>Source Files\geometry</Filter>
    </ClCompile>
    <ClCompile Include="..\src\criticalpointspanel.cpp">
      <Filter>Source Files\geometry</Filter>
    </ClCompile>
    <ClCompile Include="..\src\cutlocuspanel.cpp">
      <Filter>Source Files\geometry</Filter>
    </ClCompile>
    <ClCompile Include="..\src\discretegeocomputer.cpp">
      <Filter>Source Files\geometry</Filter>
    </ClCompile>
    <ClCompile Include="GeneratedFiles\Debug\moc_bridgerpanel.cpp">
      <Filter>Generated Files\Debug</Filter>
    </ClCompile>
    <ClCompile Include="GeneratedFiles\Release\moc_bridgerpanel.cpp">
      <Filter>Generated Files\Release</Filter>
    </ClCompile>
    <ClCompile Include="..\src\bridgerpanel.cpp">
      <Filter>Source Files\UI</Filter>
    </ClCompile>
    <ClCompile Include="GeneratedFiles\Debug\moc_bridgerpanelviewer.cpp">
      <Filter>Generated Files\Debug</Filter>
    </ClCompile>
    <ClCompile Include="GeneratedFiles\Release\moc_bridgerpanelviewer.cpp">
      <Filter>Generated Files\Release</Filter>
    </ClCompile>
    <ClCompile Include="..\src\bridgerpanelviewer.cpp">
      <Filter>Source Files\UI</Filter>
    </ClCompile>
    <ClCompile Include="..\src\hds_bridger.cpp">
      <Filter>Source Files\HDS</Filter>
    </ClCompile>
    <ClCompile Include="..\src\BBox.cpp">
      <Filter>Source Files\geometry</Filter>
    </ClCompile>
    <ClCompile Include="GeneratedFiles\Debug\moc_hollowmeshpanel.cpp">
      <Filter>Generated Files\Debug</Filter>
    </ClCompile>
    <ClCompile Include="GeneratedFiles\Release\moc_hollowmeshpanel.cpp">
      <Filter>Generated Files\Release</Filter>
    </ClCompile>
    <ClCompile Include="..\src\hollowmeshpanel.cpp">
      <Filter>Source Files\UI</Filter>
    </ClCompile>
    <ClCompile Include="..\src\meshhollower.cpp">
      <Filter>Source Files\geometry</Filter>
    </ClCompile>
    <ClCompile Include="..\src\MeshConnector.cpp">
      <Filter>Source Files\geometry</Filter>
    </ClCompile>
    <ClCompile Include="GeneratedFiles\Debug\moc_bindingmeshpanel.cpp">
      <Filter>Generated Files\Debug</Filter>
    </ClCompile>
    <ClCompile Include="GeneratedFiles\Release\moc_bindingmeshpanel.cpp">
      <Filter>Generated Files\Release</Filter>
    </ClCompile>
    <ClCompile Include="..\src\bindingmeshpanel.cpp">
      <Filter>Source Files\UI</Filter>
    </ClCompile>
    <ClCompile Include="GeneratedFiles\Debug\moc_ConnectorPanel.cpp">
      <Filter>Generated Files\Debug</Filter>
    </ClCompile>
    <ClCompile Include="GeneratedFiles\Release\moc_ConnectorPanel.cpp">
      <Filter>Generated Files\Release</Filter>
    </ClCompile>
    <ClCompile Include="..\src\ConnectorPanel.cpp">
      <Filter>Source Files\UI</Filter>
    </ClCompile>
    <ClCompile Include="..\src\hds_common.cpp">
      <Filter>Header Files\HDS</Filter>
    </ClCompile>
    <ClCompile Include="..\src\Camera.cpp">
      <Filter>Source Files\UI</Filter>
    </ClCompile>
    <ClCompile Include="..\src\OperationStack.cpp">
      <Filter>Source Files\UI</Filter>
    </ClCompile>
    <ClCompile Include="GeneratedFiles\Debug\moc_rimfacepanel.cpp">
      <Filter>Generated Files\Debug</Filter>
    </ClCompile>
    <ClCompile Include="GeneratedFiles\Release\moc_rimfacepanel.cpp">
      <Filter>Generated Files\Release</Filter>
    </ClCompile>
    <ClCompile Include="..\src\rimfacepanel.cpp">
      <Filter>Source Files\UI</Filter>
    </ClCompile>
    <ClCompile Include="..\src\meshrimface.cpp">
      <Filter>Source Files\geometry</Filter>
    </ClCompile>
    <ClCompile Include="..\src\ViewerGrid.cpp">
      <Filter>Source Files\UI</Filter>
    </ClCompile>
    <ClCompile Include="GeneratedFiles\qrc_resources.cpp">
      <Filter>Generated Files\Debug</Filter>
    </ClCompile>
    <ClCompile Include="..\src\MeshViewer.cpp">
      <Filter>Source Files\UI</Filter>
    </ClCompile>
    <ClCompile Include="..\src\MeshViewerLegacy.cpp">
      <Filter>Source Files\UI</Filter>
    </ClCompile>
    <ClCompile Include="GeneratedFiles\Debug\moc_MeshViewerLegacy.cpp">
      <Filter>Generated Files\Debug</Filter>
    </ClCompile>
    <ClCompile Include="GeneratedFiles\Release\moc_MeshViewerLegacy.cpp">
      <Filter>Generated Files\Release</Filter>
    </ClCompile>
    <ClCompile Include="GeneratedFiles\Debug\moc_MeshViewer.cpp">
      <Filter>Generated Files\Debug</Filter>
    </ClCompile>
    <ClCompile Include="GeneratedFiles\Release\moc_MeshViewer.cpp">
      <Filter>Generated Files\Release</Filter>
    </ClCompile>
  </ItemGroup>
  <ItemGroup>
    <ClInclude Include="..\src\colormap.h">
      <Filter>Header Files</Filter>
    </ClInclude>
    <CustomBuild Include="..\extras\colormap_editor\colormapeditor.h">
      <Filter>Header Files</Filter>
    </CustomBuild>
    <CustomBuild Include="..\src\criticalpointspanel.h">
      <Filter>Header Files</Filter>
    </CustomBuild>
    <CustomBuild Include="..\src\cutlocuspanel.h">
      <Filter>Header Files</Filter>
    </CustomBuild>
    <ClInclude Include="..\src\discretegeocomputer.h">
      <Filter>Header Files</Filter>
    </ClInclude>
    <ClInclude Include="..\src\morsesmalecomplex.h">
      <Filter>Header Files</Filter>
    </ClInclude>
    <ClInclude Include="GeneratedFiles\ui_colormapeditor.h">
      <Filter>Generated Files</Filter>
    </ClInclude>
    <ClInclude Include="GeneratedFiles\ui_criticalpointspanel.h">
      <Filter>Generated Files</Filter>
    </ClInclude>
    <ClInclude Include="GeneratedFiles\ui_cutlocuspanel.h">
      <Filter>Generated Files</Filter>
    </ClInclude>
    <ClInclude Include="GeneratedFiles\ui_mainwindow.h">
      <Filter>Generated Files</Filter>
    </ClInclude>
    <ClInclude Include="..\src\meshcutter.h">
      <Filter>Header Files\geometry</Filter>
    </ClInclude>
    <ClInclude Include="..\src\MeshExtender.h">
      <Filter>Header Files\geometry</Filter>
    </ClInclude>
    <ClInclude Include="..\src\meshloader.h">
      <Filter>Header Files\geometry</Filter>
    </ClInclude>
    <ClInclude Include="..\src\meshmanager.h">
      <Filter>Header Files\geometry</Filter>
    </ClInclude>
    <ClInclude Include="..\src\meshsmoother.h">
      <Filter>Header Files\geometry</Filter>
    </ClInclude>
    <ClInclude Include="..\src\meshunfolder.h">
      <Filter>Header Files\geometry</Filter>
    </ClInclude>
    <ClInclude Include="..\extras\SVG_LC_code\SVG_precompute\LocalGeodesics\BaseModel.h">
      <Filter>Header Files\extras\LocalGeodesics</Filter>
    </ClInclude>
    <ClInclude Include="..\extras\SVG_LC_code\SVG_precompute\LocalGeodesics\ExactMethodForDGP.h">
      <Filter>Header Files\extras\LocalGeodesics</Filter>
    </ClInclude>
    <ClInclude Include="..\extras\SVG_LC_code\SVG_precompute\LocalGeodesics\ICHWithFurtherPriorityQueue.h">
      <Filter>Header Files\extras\LocalGeodesics</Filter>
    </ClInclude>
    <ClInclude Include="..\extras\SVG_LC_code\SVG_precompute\LocalGeodesics\ImprovedCHWithEdgeValve.h">
      <Filter>Header Files\extras\LocalGeodesics</Filter>
    </ClInclude>
    <ClInclude Include="..\extras\SVG_LC_code\SVG_precompute\LocalGeodesics\Point3D.h">
      <Filter>Header Files\extras\LocalGeodesics</Filter>
    </ClInclude>
    <ClInclude Include="..\extras\SVG_LC_code\SVG_precompute\LocalGeodesics\PreviousCH.h">
      <Filter>Header Files\extras\LocalGeodesics</Filter>
    </ClInclude>
    <ClInclude Include="..\extras\SVG_LC_code\SVG_precompute\LocalGeodesics\RichModel.h">
      <Filter>Header Files\extras\LocalGeodesics</Filter>
    </ClInclude>
    <ClInclude Include="..\extras\SVG_LC_code\SVG_precompute\LocalGeodesics\stdafx.h">
      <Filter>Header Files\extras\LocalGeodesics</Filter>
    </ClInclude>
    <ClInclude Include="..\extras\SVG_LC_code\SVG_precompute\LocalGeodesics\svg_precompute.h">
      <Filter>Header Files\extras\LocalGeodesics</Filter>
    </ClInclude>
    <ClInclude Include="..\extras\SVG_LC_code\SVG_precompute\LocalGeodesics\targetver.h">
      <Filter>Header Files\extras\LocalGeodesics</Filter>
    </ClInclude>
    <ClInclude Include="..\extras\SVG_LC_code\SVG_precompute\LocalGeodesics\wxnTime.h">
      <Filter>Header Files\extras\LocalGeodesics</Filter>
    </ClInclude>
    <ClInclude Include="..\src\hds_face.h">
      <Filter>Header Files\HDS</Filter>
    </ClInclude>
    <ClInclude Include="..\src\hds_halfedge.h">
      <Filter>Header Files\HDS</Filter>
    </ClInclude>
    <ClInclude Include="..\src\hds_mesh.h">
      <Filter>Header Files\HDS</Filter>
    </ClInclude>
    <ClInclude Include="..\src\hds_vertex.h">
      <Filter>Header Files\HDS</Filter>
    </ClInclude>
    <ClInclude Include="..\src\stringutils.h">
      <Filter>Header Files\utils</Filter>
    </ClInclude>
    <ClInclude Include="..\src\utils.hpp">
      <Filter>Header Files\utils</Filter>
    </ClInclude>
    <ClInclude Include="..\src\glutils.hpp">
      <Filter>Header Files\utils</Filter>
    </ClInclude>
    <ClInclude Include="..\src\mathutils.hpp">
      <Filter>Header Files\utils</Filter>
    </ClInclude>
    <ClInclude Include="..\src\common.h">
      <Filter>Header Files\utils</Filter>
    </ClInclude>
    <ClInclude Include="..\src\unionfind.h">
      <Filter>Header Files\utils</Filter>
    </ClInclude>
    <ClInclude Include="..\src\GeodesicComputer.h">
      <Filter>Header Files\geometry</Filter>
    </ClInclude>
    <ClInclude Include="GeneratedFiles\ui_bridgerpanel.h">
      <Filter>Generated Files</Filter>
    </ClInclude>
    <ClInclude Include="..\src\hds_bridger.h">
      <Filter>Header Files\HDS</Filter>
    </ClInclude>
    <ClInclude Include="..\src\BBox.h">
      <Filter>Header Files\geometry</Filter>
    </ClInclude>
    <ClInclude Include="GeneratedFiles\ui_hollowmeshpanel.h">
      <Filter>Generated Files</Filter>
    </ClInclude>
    <ClInclude Include="..\src\meshhollower.h">
      <Filter>Header Files\geometry</Filter>
    </ClInclude>
    <ClInclude Include="GeneratedFiles\ui_unfoldviewer.h">
      <Filter>Generated Files</Filter>
    </ClInclude>
    <ClInclude Include="..\src\MeshConnector.h">
      <Filter>Header Files\geometry</Filter>
    </ClInclude>
    <ClInclude Include="GeneratedFiles\ui_bindingmeshpanel.h">
      <Filter>Generated Files</Filter>
    </ClInclude>
    <ClInclude Include="GeneratedFiles\ui_ConnectorPanel.h">
      <Filter>Generated Files</Filter>
    </ClInclude>
    <ClInclude Include="..\src\hds_common.h">
      <Filter>Header Files\HDS</Filter>
    </ClInclude>
    <ClInclude Include="..\src\Camera.h">
      <Filter>Header Files\UI</Filter>
    </ClInclude>
    <ClInclude Include="..\src\OperationStack.h">
      <Filter>Header Files\UI</Filter>
    </ClInclude>
    <ClInclude Include="GeneratedFiles\ui_rimfacepanel.h">
      <Filter>Generated Files</Filter>
    </ClInclude>
    <ClInclude Include="..\src\meshrimface.h">
      <Filter>Header Files\geometry</Filter>
    </ClInclude>
    <ClInclude Include="..\src\CameraLegacy.h">
      <Filter>Header Files\UI</Filter>
    </ClInclude>
    <ClInclude Include="..\src\ViewerGrid.h">
      <Filter>Header Files\UI</Filter>
    </ClInclude>
  </ItemGroup>
  <ItemGroup>
    <CustomBuild Include="..\extras\colormap_editor\colormapeditor.ui">
      <Filter>Form Files</Filter>
    </CustomBuild>
    <CustomBuild Include="..\forms\criticalpointspanel.ui">
      <Filter>Form Files</Filter>
    </CustomBuild>
    <CustomBuild Include="..\forms\cutlocuspanel.ui">
      <Filter>Form Files</Filter>
    </CustomBuild>
    <CustomBuild Include="..\forms\mainwindow.ui">
      <Filter>Form Files</Filter>
    </CustomBuild>
    <CustomBuild Include="..\src\mainwindow.h">
      <Filter>Header Files\UI</Filter>
    </CustomBuild>
    <CustomBuild Include="..\forms\bridgerpanel.ui">
      <Filter>Form Files</Filter>
    </CustomBuild>
    <CustomBuild Include="..\src\bridgerpanel.h">
      <Filter>Header Files\UI</Filter>
    </CustomBuild>
    <CustomBuild Include="..\src\bridgerpanelviewer.h">
      <Filter>Header Files\UI</Filter>
    </CustomBuild>
    <CustomBuild Include="..\src\hollowmeshpanel.h">
      <Filter>Header Files\UI</Filter>
    </CustomBuild>
    <CustomBuild Include="..\forms\hollowmeshpanel.ui">
      <Filter>Form Files</Filter>
    </CustomBuild>
    <CustomBuild Include="..\forms\unfoldviewer.ui">
      <Filter>Form Files</Filter>
    </CustomBuild>
    <CustomBuild Include="..\forms\bindingmeshpanel.ui">
      <Filter>Form Files</Filter>
    </CustomBuild>
    <CustomBuild Include="..\src\bindingmeshpanel.h">
      <Filter>Header Files\UI</Filter>
    </CustomBuild>
    <CustomBuild Include="..\src\ConnectorPanel.h">
      <Filter>Header Files\UI</Filter>
    </CustomBuild>
    <CustomBuild Include="..\forms\ConnectorPanel.ui">
      <Filter>Form Files</Filter>
    </CustomBuild>
    <CustomBuild Include="..\forms\rimfacepanel.ui">
      <Filter>Form Files</Filter>
    </CustomBuild>
    <CustomBuild Include="..\src\rimfacepanel.h">
      <Filter>Header Files\UI</Filter>
    </CustomBuild>
    <CustomBuild Include="..\src\MeshViewerLegacy.h">
      <Filter>Header Files\UI</Filter>
    </CustomBuild>
    <CustomBuild Include="..\src\MeshViewer.h">
      <Filter>Header Files\UI</Filter>
    </CustomBuild>
  </ItemGroup>
  <ItemGroup>
    <None Include="..\icons\cl.png">
      <Filter>Resource Files</Filter>
    </None>
    <None Include="..\icons\colormap.png">
      <Filter>Resource Files</Filter>
    </None>
    <None Include="..\icons\cp.png">
      <Filter>Resource Files</Filter>
    </None>
    <None Include="..\icons\cut.png">
      <Filter>Resource Files</Filter>
    </None>
    <None Include="..\icons\edge.png">
      <Filter>Resource Files</Filter>
    </None>
    <None Include="..\icons\extend.png">
      <Filter>Resource Files</Filter>
    </None>
    <None Include="..\icons\face.png">
      <Filter>Resource Files</Filter>
    </None>
    <None Include="..\icons\fold.png">
      <Filter>Resource Files</Filter>
    </None>
    <CustomBuild Include="..\resources.qrc">
      <Filter>Resource Files</Filter>
    </CustomBuild>
    <None Include="..\icons\open.png">
      <Filter>Resource Files</Filter>
    </None>
    <None Include="..\icons\save.png">
      <Filter>Resource Files</Filter>
    </None>
    <None Include="..\icons\select.png">
      <Filter>Resource Files</Filter>
    </None>
    <None Include="..\icons\smooth.png">
      <Filter>Resource Files</Filter>
    </None>
    <None Include="..\icons\unfold.png">
      <Filter>Resource Files</Filter>
    </None>
    <None Include="..\icons\vertex.png">
      <Filter>Resource Files</Filter>
    </None>
    <None Include="..\shaders\edge_fs.glsl">
      <Filter>Shader Files</Filter>
    </None>
    <None Include="..\shaders\edge_vs.glsl">
      <Filter>Shader Files</Filter>
    </None>
    <None Include="..\shaders\face_fs.glsl">
      <Filter>Shader Files</Filter>
    </None>
    <None Include="..\shaders\face_gs.glsl">
      <Filter>Shader Files</Filter>
    </None>
    <None Include="..\shaders\face_vs.glsl">
      <Filter>Shader Files</Filter>
    </None>
    <None Include="..\shaders\uid_fs.glsl">
      <Filter>Shader Files</Filter>
    </None>
    <None Include="..\shaders\uid_vs.glsl">
      <Filter>Shader Files</Filter>
    </None>
    <None Include="..\shaders\edge_gs.glsl">
      <Filter>Shader Files</Filter>
    </None>
  </ItemGroup>
</Project>